
Microsoft Visual Studio Solution File, Format Version 12.00
# Visual Studio Version 17
VisualStudioVersion = 17.0.31912.275
MinimumVisualStudioVersion = 10.0.40219.1
Project("{9A19103F-16F7-4668-BE54-9A1E7A4F7556}") = "Reline.CommandLine", "Reline.CommandLine\Reline.CommandLine.csproj", "{DFC32A2E-2D3E-407D-9727-E8690523C98A}"
EndProject
Project("{9A19103F-16F7-4668-BE54-9A1E7A4F7556}") = "Reline.Compilation", "Reline.Compilation\Reline.Compilation.csproj", "{457DFD7A-7A10-45B1-8F3B-BE9F55A15539}"
EndProject
Project("{9A19103F-16F7-4668-BE54-9A1E7A4F7556}") = "Reline.Common", "Reline.Common\Reline.Common.csproj", "{49C8B901-5535-42CC-BE25-C64FD1A3FF63}"
EndProject
Project("{2150E333-8FDC-42A3-9474-1A3956D46DE8}") = "Solution Items", "Solution Items", "{09EC0D5E-0A12-4B7B-A57C-311E4BE3819F}"
	ProjectSection(SolutionItems) = preProject
		.editorconfig = .editorconfig
	EndProjectSection
EndProject
Project("{FAE04EC0-301F-11D3-BF4B-00C04F79EFBC}") = "Reline.Tests", "Reline.Tests\Reline.Tests.csproj", "{9F7E45CB-73FF-4AE1-BD90-DF29E3D8E8F8}"
EndProject
Global
	GlobalSection(SolutionConfigurationPlatforms) = preSolution
		Debug|Any CPU = Debug|Any CPU
		Release|Any CPU = Release|Any CPU
	EndGlobalSection
	GlobalSection(ProjectConfigurationPlatforms) = postSolution
		{DFC32A2E-2D3E-407D-9727-E8690523C98A}.Debug|Any CPU.ActiveCfg = Debug|Any CPU
		{DFC32A2E-2D3E-407D-9727-E8690523C98A}.Debug|Any CPU.Build.0 = Debug|Any CPU
		{DFC32A2E-2D3E-407D-9727-E8690523C98A}.Release|Any CPU.ActiveCfg = Release|Any CPU
		{DFC32A2E-2D3E-407D-9727-E8690523C98A}.Release|Any CPU.Build.0 = Release|Any CPU
		{457DFD7A-7A10-45B1-8F3B-BE9F55A15539}.Debug|Any CPU.ActiveCfg = Debug|Any CPU
		{457DFD7A-7A10-45B1-8F3B-BE9F55A15539}.Debug|Any CPU.Build.0 = Debug|Any CPU
		{457DFD7A-7A10-45B1-8F3B-BE9F55A15539}.Release|Any CPU.ActiveCfg = Release|Any CPU
		{457DFD7A-7A10-45B1-8F3B-BE9F55A15539}.Release|Any CPU.Build.0 = Release|Any CPU
		{49C8B901-5535-42CC-BE25-C64FD1A3FF63}.Debug|Any CPU.ActiveCfg = Debug|Any CPU
		{49C8B901-5535-42CC-BE25-C64FD1A3FF63}.Debug|Any CPU.Build.0 = Debug|Any CPU
		{49C8B901-5535-42CC-BE25-C64FD1A3FF63}.Release|Any CPU.ActiveCfg = Release|Any CPU
		{49C8B901-5535-42CC-BE25-C64FD1A3FF63}.Release|Any CPU.Build.0 = Release|Any CPU
		{9F7E45CB-73FF-4AE1-BD90-DF29E3D8E8F8}.Debug|Any CPU.ActiveCfg = Debug|Any CPU
		{9F7E45CB-73FF-4AE1-BD90-DF29E3D8E8F8}.Debug|Any CPU.Build.0 = Debug|Any CPU
		{9F7E45CB-73FF-4AE1-BD90-DF29E3D8E8F8}.Release|Any CPU.ActiveCfg = Release|Any CPU
		{9F7E45CB-73FF-4AE1-BD90-DF29E3D8E8F8}.Release|Any CPU.Build.0 = Release|Any CPU
	EndGlobalSection
	GlobalSection(SolutionProperties) = preSolution
		HideSolutionNode = FALSE
	EndGlobalSection
	GlobalSection(ExtensibilityGlobals) = postSolution
		SolutionGuid = {212AE1B2-5408-4E92-B80F-6258F5F617BD}
	EndGlobalSection
EndGlobal
